
Microsoft Visual Studio Solution File, Format Version 12.00
# Visual Studio Version 17
VisualStudioVersion = 17.0.31903.59
MinimumVisualStudioVersion = 10.0.40219.1
Project("{2150E333-8FDC-42A3-9474-1A3956D46DE8}") = "src", "src", "{827E0CD3-B72D-47B6-A68D-7590B98EB39B}"
EndProject
Project("{FAE04EC0-301F-11D3-BF4B-00C04F79EFBC}") = "SchoolERP.Api", "src\SchoolERP.Api\SchoolERP.Api.csproj", "{75DFE27F-4939-49C6-B8C0-68F38E4D649A}"
EndProject
Project("{FAE04EC0-301F-11D3-BF4B-00C04F79EFBC}") = "SchoolERP.Application", "src\SchoolERP.Application\SchoolERP.Application.csproj", "{2E2BA41E-395B-4A86-ACF6-8ACDA68E318E}"
EndProject
Project("{FAE04EC0-301F-11D3-BF4B-00C04F79EFBC}") = "SchoolERP.Domain", "src\SchoolERP.Domain\SchoolERP.Domain.csproj", "{BC7A9468-57BD-40AA-BF34-8994243AF718}"
EndProject
Project("{FAE04EC0-301F-11D3-BF4B-00C04F79EFBC}") = "SchoolERP.Infrastructure", "src\SchoolERP.Infrastructure\SchoolERP.Infrastructure.csproj", "{1A9DB09C-BA14-4982-9F98-603C21BF838C}"
EndProject
Project("{FAE04EC0-301F-11D3-BF4B-00C04F79EFBC}") = "SchoolERP.Shared", "src\SchoolERP.Shared\SchoolERP.Shared.csproj", "{B2A5AA98-5304-4EC5-8CE0-E09CBF87D7C4}"
EndProject
Project("{2150E333-8FDC-42A3-9474-1A3956D46DE8}") = "tests", "tests", "{0AB3BF05-4346-4AA6-1389-037BE0695223}"
EndProject
Project("{FAE04EC0-301F-11D3-BF4B-00C04F79EFBC}") = "SchoolERP.Application.Tests", "tests\SchoolERP.Application.Tests\SchoolERP.Application.Tests.csproj", "{34622890-8AEB-45A6-986C-183DB39A60FA}"
EndProject
Project("{FAE04EC0-301F-11D3-BF4B-00C04F79EFBC}") = "SchoolERP.Infrastructure.Tests", "tests\SchoolERP.Infrastructure.Tests\SchoolERP.Infrastructure.Tests.csproj", "{41A01C63-39E5-44A5-9045-8A9BFB3B602C}"
EndProject
Project("{FAE04EC0-301F-11D3-BF4B-00C04F79EFBC}") = "SchoolERP.Api.Tests", "tests\SchoolERP.Api.Tests\SchoolERP.Api.Tests.csproj", "{5F6B9DAA-C3BB-4846-8BDF-270CF762E576}"
EndProject
Global
	GlobalSection(SolutionConfigurationPlatforms) = preSolution
		Debug|Any CPU = Debug|Any CPU
		Debug|x64 = Debug|x64
		Debug|x86 = Debug|x86
		Release|Any CPU = Release|Any CPU
		Release|x64 = Release|x64
		Release|x86 = Release|x86
	EndGlobalSection
	GlobalSection(ProjectConfigurationPlatforms) = postSolution
		{75DFE27F-4939-49C6-B8C0-68F38E4D649A}.Debug|Any CPU.ActiveCfg = Debug|Any CPU
		{75DFE27F-4939-49C6-B8C0-68F38E4D649A}.Debug|Any CPU.Build.0 = Debug|Any CPU
		{75DFE27F-4939-49C6-B8C0-68F38E4D649A}.Debug|x64.ActiveCfg = Debug|Any CPU
		{75DFE27F-4939-49C6-B8C0-68F38E4D649A}.Debug|x64.Build.0 = Debug|Any CPU
		{75DFE27F-4939-49C6-B8C0-68F38E4D649A}.Debug|x86.ActiveCfg = Debug|Any CPU
		{75DFE27F-4939-49C6-B8C0-68F38E4D649A}.Debug|x86.Build.0 = Debug|Any CPU
		{75DFE27F-4939-49C6-B8C0-68F38E4D649A}.Release|Any CPU.ActiveCfg = Release|Any CPU
		{75DFE27F-4939-49C6-B8C0-68F38E4D649A}.Release|Any CPU.Build.0 = Release|Any CPU
		{75DFE27F-4939-49C6-B8C0-68F38E4D649A}.Release|x64.ActiveCfg = Release|Any CPU
		{75DFE27F-4939-49C6-B8C0-68F38E4D649A}.Release|x64.Build.0 = Release|Any CPU
		{75DFE27F-4939-49C6-B8C0-68F38E4D649A}.Release|x86.ActiveCfg = Release|Any CPU
		{75DFE27F-4939-49C6-B8C0-68F38E4D649A}.Release|x86.Build.0 = Release|Any CPU
		{2E2BA41E-395B-4A86-ACF6-8ACDA68E318E}.Debug|Any CPU.ActiveCfg = Debug|Any CPU
		{2E2BA41E-395B-4A86-ACF6-8ACDA68E318E}.Debug|Any CPU.Build.0 = Debug|Any CPU
		{2E2BA41E-395B-4A86-ACF6-8ACDA68E318E}.Debug|x64.ActiveCfg = Debug|Any CPU
		{2E2BA41E-395B-4A86-ACF6-8ACDA68E318E}.Debug|x64.Build.0 = Debug|Any CPU
		{2E2BA41E-395B-4A86-ACF6-8ACDA68E318E}.Debug|x86.ActiveCfg = Debug|Any CPU
		{2E2BA41E-395B-4A86-ACF6-8ACDA68E318E}.Debug|x86.Build.0 = Debug|Any CPU
		{2E2BA41E-395B-4A86-ACF6-8ACDA68E318E}.Release|Any CPU.ActiveCfg = Release|Any CPU
		{2E2BA41E-395B-4A86-ACF6-8ACDA68E318E}.Release|Any CPU.Build.0 = Release|Any CPU
		{2E2BA41E-395B-4A86-ACF6-8ACDA68E318E}.Release|x64.ActiveCfg = Release|Any CPU
		{2E2BA41E-395B-4A86-ACF6-8ACDA68E318E}.Release|x64.Build.0 = Release|Any CPU
		{2E2BA41E-395B-4A86-ACF6-8ACDA68E318E}.Release|x86.ActiveCfg = Release|Any CPU
		{2E2BA41E-395B-4A86-ACF6-8ACDA68E318E}.Release|x86.Build.0 = Release|Any CPU
		{BC7A9468-57BD-40AA-BF34-8994243AF718}.Debug|Any CPU.ActiveCfg = Debug|Any CPU
		{BC7A9468-57BD-40AA-BF34-8994243AF718}.Debug|Any CPU.Build.0 = Debug|Any CPU
		{BC7A9468-57BD-40AA-BF34-8994243AF718}.Debug|x64.ActiveCfg = Debug|Any CPU
		{BC7A9468-57BD-40AA-BF34-8994243AF718}.Debug|x64.Build.0 = Debug|Any CPU
		{BC7A9468-57BD-40AA-BF34-8994243AF718}.Debug|x86.ActiveCfg = Debug|Any CPU
		{BC7A9468-57BD-40AA-BF34-8994243AF718}.Debug|x86.Build.0 = Debug|Any CPU
		{BC7A9468-57BD-40AA-BF34-8994243AF718}.Release|Any CPU.ActiveCfg = Release|Any CPU
		{BC7A9468-57BD-40AA-BF34-8994243AF718}.Release|Any CPU.Build.0 = Release|Any CPU
		{BC7A9468-57BD-40AA-BF34-8994243AF718}.Release|x64.ActiveCfg = Release|Any CPU
		{BC7A9468-57BD-40AA-BF34-8994243AF718}.Release|x64.Build.0 = Release|Any CPU
		{BC7A9468-57BD-40AA-BF34-8994243AF718}.Release|x86.ActiveCfg = Release|Any CPU
		{BC7A9468-57BD-40AA-BF34-8994243AF718}.Release|x86.Build.0 = Release|Any CPU
		{1A9DB09C-BA14-4982-9F98-603C21BF838C}.Debug|Any CPU.ActiveCfg = Debug|Any CPU
		{1A9DB09C-BA14-4982-9F98-603C21BF838C}.Debug|Any CPU.Build.0 = Debug|Any CPU
		{1A9DB09C-BA14-4982-9F98-603C21BF838C}.Debug|x64.ActiveCfg = Debug|Any CPU
		{1A9DB09C-BA14-4982-9F98-603C21BF838C}.Debug|x64.Build.0 = Debug|Any CPU
		{1A9DB09C-BA14-4982-9F98-603C21BF838C}.Debug|x86.ActiveCfg = Debug|Any CPU
		{1A9DB09C-BA14-4982-9F98-603C21BF838C}.Debug|x86.Build.0 = Debug|Any CPU
		{1A9DB09C-BA14-4982-9F98-603C21BF838C}.Release|Any CPU.ActiveCfg = Release|Any CPU
		{1A9DB09C-BA14-4982-9F98-603C21BF838C}.Release|Any CPU.Build.0 = Release|Any CPU
		{1A9DB09C-BA14-4982-9F98-603C21BF838C}.Release|x64.ActiveCfg = Release|Any CPU
		{1A9DB09C-BA14-4982-9F98-603C21BF838C}.Release|x64.Build.0 = Release|Any CPU
		{1A9DB09C-BA14-4982-9F98-603C21BF838C}.Release|x86.ActiveCfg = Release|Any CPU
		{1A9DB09C-BA14-4982-9F98-603C21BF838C}.Release|x86.Build.0 = Release|Any CPU
		{B2A5AA98-5304-4EC5-8CE0-E09CBF87D7C4}.Debug|Any CPU.ActiveCfg = Debug|Any CPU
		{B2A5AA98-5304-4EC5-8CE0-E09CBF87D7C4}.Debug|Any CPU.Build.0 = Debug|Any CPU
		{B2A5AA98-5304-4EC5-8CE0-E09CBF87D7C4}.Debug|x64.ActiveCfg = Debug|Any CPU
		{B2A5AA98-5304-4EC5-8CE0-E09CBF87D7C4}.Debug|x64.Build.0 = Debug|Any CPU
		{B2A5AA98-5304-4EC5-8CE0-E09CBF87D7C4}.Debug|x86.ActiveCfg = Debug|Any CPU
		{B2A5AA98-5304-4EC5-8CE0-E09CBF87D7C4}.Debug|x86.Build.0 = Debug|Any CPU
		{B2A5AA98-5304-4EC5-8CE0-E09CBF87D7C4}.Release|Any CPU.ActiveCfg = Release|Any CPU
		{B2A5AA98-5304-4EC5-8CE0-E09CBF87D7C4}.Release|Any CPU.Build.0 = Release|Any CPU
		{B2A5AA98-5304-4EC5-8CE0-E09CBF87D7C4}.Release|x64.ActiveCfg = Release|Any CPU
		{B2A5AA98-5304-4EC5-8CE0-E09CBF87D7C4}.Release|x64.Build.0 = Release|Any CPU
		{B2A5AA98-5304-4EC5-8CE0-E09CBF87D7C4}.Release|x86.ActiveCfg = Release|Any CPU
		{B2A5AA98-5304-4EC5-8CE0-E09CBF87D7C4}.Release|x86.Build.0 = Release|Any CPU
		{34622890-8AEB-45A6-986C-183DB39A60FA}.Debug|Any CPU.ActiveCfg = Debug|Any CPU
		{34622890-8AEB-45A6-986C-183DB39A60FA}.Debug|Any CPU.Build.0 = Debug|Any CPU
		{34622890-8AEB-45A6-986C-183DB39A60FA}.Debug|x64.ActiveCfg = Debug|Any CPU
		{34622890-8AEB-45A6-986C-183DB39A60FA}.Debug|x64.Build.0 = Debug|Any CPU
		{34622890-8AEB-45A6-986C-183DB39A60FA}.Debug|x86.ActiveCfg = Debug|Any CPU
		{34622890-8AEB-45A6-986C-183DB39A60FA}.Debug|x86.Build.0 = Debug|Any CPU
		{34622890-8AEB-45A6-986C-183DB39A60FA}.Release|Any CPU.ActiveCfg = Release|Any CPU
		{34622890-8AEB-45A6-986C-183DB39A60FA}.Release|Any CPU.Build.0 = Release|Any CPU
		{34622890-8AEB-45A6-986C-183DB39A60FA}.Release|x64.ActiveCfg = Release|Any CPU
		{34622890-8AEB-45A6-986C-183DB39A60FA}.Release|x64.Build.0 = Release|Any CPU
		{34622890-8AEB-45A6-986C-183DB39A60FA}.Release|x86.ActiveCfg = Release|Any CPU
		{34622890-8AEB-45A6-986C-183DB39A60FA}.Release|x86.Build.0 = Release|Any CPU
		{41A01C63-39E5-44A5-9045-8A9BFB3B602C}.Debug|Any CPU.ActiveCfg = Debug|Any CPU
		{41A01C63-39E5-44A5-9045-8A9BFB3B602C}.Debug|Any CPU.Build.0 = Debug|Any CPU
		{41A01C63-39E5-44A5-9045-8A9BFB3B602C}.Debug|x64.ActiveCfg = Debug|Any CPU
		{41A01C63-39E5-44A5-9045-8A9BFB3B602C}.Debug|x64.Build.0 = Debug|Any CPU
		{41A01C63-39E5-44A5-9045-8A9BFB3B602C}.Debug|x86.ActiveCfg = Debug|Any CPU
		{41A01C63-39E5-44A5-9045-8A9BFB3B602C}.Debug|x86.Build.0 = Debug|Any CPU
		{41A01C63-39E5-44A5-9045-8A9BFB3B602C}.Release|Any CPU.ActiveCfg = Release|Any CPU
		{41A01C63-39E5-44A5-9045-8A9BFB3B602C}.Release|Any CPU.Build.0 = Release|Any CPU
		{41A01C63-39E5-44A5-9045-8A9BFB3B602C}.Release|x64.ActiveCfg = Release|Any CPU
		{41A01C63-39E5-44A5-9045-8A9BFB3B602C}.Release|x64.Build.0 = Release|Any CPU
		{41A01C63-39E5-44A5-9045-8A9BFB3B602C}.Release|x86.ActiveCfg = Release|Any CPU
		{41A01C63-39E5-44A5-9045-8A9BFB3B602C}.Release|x86.Build.0 = Release|Any CPU
		{5F6B9DAA-C3BB-4846-8BDF-270CF762E576}.Debug|Any CPU.ActiveCfg = Debug|Any CPU
		{5F6B9DAA-C3BB-4846-8BDF-270CF762E576}.Debug|Any CPU.Build.0 = Debug|Any CPU
		{5F6B9DAA-C3BB-4846-8BDF-270CF762E576}.Debug|x64.ActiveCfg = Debug|Any CPU
		{5F6B9DAA-C3BB-4846-8BDF-270CF762E576}.Debug|x64.Build.0 = Debug|Any CPU
		{5F6B9DAA-C3BB-4846-8BDF-270CF762E576}.Debug|x86.ActiveCfg = Debug|Any CPU
		{5F6B9DAA-C3BB-4846-8BDF-270CF762E576}.Debug|x86.Build.0 = Debug|Any CPU
		{5F6B9DAA-C3BB-4846-8BDF-270CF762E576}.Release|Any CPU.ActiveCfg = Release|Any CPU
		{5F6B9DAA-C3BB-4846-8BDF-270CF762E576}.Release|Any CPU.Build.0 = Release|Any CPU
		{5F6B9DAA-C3BB-4846-8BDF-270CF762E576}.Release|x64.ActiveCfg = Release|Any CPU
		{5F6B9DAA-C3BB-4846-8BDF-270CF762E576}.Release|x64.Build.0 = Release|Any CPU
		{5F6B9DAA-C3BB-4846-8BDF-270CF762E576}.Release|x86.ActiveCfg = Release|Any CPU
		{5F6B9DAA-C3BB-4846-8BDF-270CF762E576}.Release|x86.Build.0 = Release|Any CPU
	EndGlobalSection
	GlobalSection(SolutionProperties) = preSolution
		HideSolutionNode = FALSE
	EndGlobalSection
	GlobalSection(NestedProjects) = preSolution
		{75DFE27F-4939-49C6-B8C0-68F38E4D649A} = {827E0CD3-B72D-47B6-A68D-7590B98EB39B}
		{2E2BA41E-395B-4A86-ACF6-8ACDA68E318E} = {827E0CD3-B72D-47B6-A68D-7590B98EB39B}
		{BC7A9468-57BD-40AA-BF34-8994243AF718} = {827E0CD3-B72D-47B6-A68D-7590B98EB39B}
		{1A9DB09C-BA14-4982-9F98-603C21BF838C} = {827E0CD3-B72D-47B6-A68D-7590B98EB39B}
		{B2A5AA98-5304-4EC5-8CE0-E09CBF87D7C4} = {827E0CD3-B72D-47B6-A68D-7590B98EB39B}
		{34622890-8AEB-45A6-986C-183DB39A60FA} = {0AB3BF05-4346-4AA6-1389-037BE0695223}
		{41A01C63-39E5-44A5-9045-8A9BFB3B602C} = {0AB3BF05-4346-4AA6-1389-037BE0695223}
		{5F6B9DAA-C3BB-4846-8BDF-270CF762E576} = {0AB3BF05-4346-4AA6-1389-037BE0695223}
	EndGlobalSection
EndGlobal
